{
  "name": "pruebanpm",
  "version": "0.0.1",
  "lockfileVersion": 1,
  "requires": true,
  "dependencies": {
    "jquery": {
      "version": "3.3.1",
      "resolved": "https://registry.npmjs.org/jquery/-/jquery-3.3.1.tgz",
      "integrity": "sha512-Ubldcmxp5np52/ENotGxlLe6aGMvmF4R8S6tZjsP6Knsaxd/xp3Zrh50cG93lR6nPXyUFwzN3ZSOQI0wRJNdGg=="
    },
    "responsimple": {
      "version": "1.0.1",
      "resolved": "https://registry.npmjs.org/responsimple/-/responsimple-1.0.1.tgz",
      "integrity": "sha1-9NlI8TO3fS8iDzYzn/v6a/9OQyg="
    }
  }
}
